
Microsoft Visual Studio Solution File, Format Version 12.00
# Visual Studio Version 16
VisualStudioVersion = 16.0.30611.23
MinimumVisualStudioVersion = 10.0.40219.1
Project("{9A19103F-16F7-4668-BE54-9A1E7A4F7556}") = "AppointmentBooking", "AppointmentBooking\AppointmentBooking.csproj", "{965431DF-49DB-400D-BB4F-5126D78D648C}"
EndProject
Project("{FAE04EC0-301F-11D3-BF4B-00C04F79EFBC}") = "AppointmentBookingTests", "AppointmentBookingTests\AppointmentBookingTests.csproj", "{3B0F1D38-67EF-44FE-BCEC-C443C8168FD0}"
EndProject
Global
	GlobalSection(SolutionConfigurationPlatforms) = preSolution
		Debug|Any CPU = Debug|Any CPU
		Release|Any CPU = Release|Any CPU
	EndGlobalSection
	GlobalSection(ProjectConfigurationPlatforms) = postSolution
		{965431DF-49DB-400D-BB4F-5126D78D648C}.Debug|Any CPU.ActiveCfg = Debug|Any CPU
		{965431DF-49DB-400D-BB4F-5126D78D648C}.Debug|Any CPU.Build.0 = Debug|Any CPU
		{965431DF-49DB-400D-BB4F-5126D78D648C}.Release|Any CPU.ActiveCfg = Release|Any CPU
		{965431DF-49DB-400D-BB4F-5126D78D648C}.Release|Any CPU.Build.0 = Release|Any CPU
		{3B0F1D38-67EF-44FE-BCEC-C443C8168FD0}.Debug|Any CPU.ActiveCfg = Debug|Any CPU
		{3B0F1D38-67EF-44FE-BCEC-C443C8168FD0}.Debug|Any CPU.Build.0 = Debug|Any CPU
		{3B0F1D38-67EF-44FE-BCEC-C443C8168FD0}.Release|Any CPU.ActiveCfg = Release|Any CPU
		{3B0F1D38-67EF-44FE-BCEC-C443C8168FD0}.Release|Any CPU.Build.0 = Release|Any CPU
	EndGlobalSection
	GlobalSection(SolutionProperties) = preSolution
		HideSolutionNode = FALSE
	EndGlobalSection
	GlobalSection(ExtensibilityGlobals) = postSolution
		SolutionGuid = {409369B1-6621-4CC0-9C0C-01A4B68017F4}
	EndGlobalSection
EndGlobal
